
Microsoft Visual Studio Solution File, Format Version 12.00
# Visual Studio Version 16
VisualStudioVersion = 16.0.32413.511
MinimumVisualStudioVersion = 10.0.40219.1
Project("{FAE04EC0-301F-11D3-BF4B-00C04F79EFBC}") = "KusaBot", "KusaBot\KusaBot.csproj", "{37743E37-26FB-4E6C-81CC-728294F4669A}"
EndProject
Global
	GlobalSection(SolutionConfigurationPlatforms) = preSolution
		Debug|Any CPU = Debug|Any CPU
		Release|Any CPU = Release|Any CPU
	EndGlobalSection
	GlobalSection(ProjectConfigurationPlatforms) = postSolution
		{37743E37-26FB-4E6C-81CC-728294F4669A}.Debug|Any CPU.ActiveCfg = Debug|Any CPU
		{37743E37-26FB-4E6C-81CC-728294F4669A}.Debug|Any CPU.Build.0 = Debug|Any CPU
		{37743E37-26FB-4E6C-81CC-728294F4669A}.Release|Any CPU.ActiveCfg = Release|Any CPU
		{37743E37-26FB-4E6C-81CC-728294F4669A}.Release|Any CPU.Build.0 = Release|Any CPU
	EndGlobalSection
	GlobalSection(SolutionProperties) = preSolution
		HideSolutionNode = FALSE
	EndGlobalSection
	GlobalSection(ExtensibilityGlobals) = postSolution
		SolutionGuid = {1BC75492-69FD-4065-BB12-4617E4A10AC7}
	EndGlobalSection
EndGlobal
